// !$*UTF8*$!
{
	archiveVersion = 1;
	classes = {
	};
	objectVersion = 48;
	objects = {

/* Begin PBXBuildFile section */
		7A46D15220DB093800286C47 /* PhotoViewController.swift in Sources */ = {isa = PBXBuildFile; fileRef = 7A46D15120DB093800286C47 /* PhotoViewController.swift */; };
		7A9907CA20E5AE2300E70CB8 /* thumbs.png in Resources */ = {isa = PBXBuildFile; fileRef = 7A9907C720E5AE2300E70CB8 /* thumbs.png */; };
		7A9907CB20E5AE2300E70CB8 /* 100percent.png in Resources */ = {isa = PBXBuildFile; fileRef = 7A9907C820E5AE2300E70CB8 /* 100percent.png */; };
		7A9907CC20E5AE2300E70CB8 /* fit.png in Resources */ = {isa = PBXBuildFile; fileRef = 7A9907C920E5AE2300E70CB8 /* fit.png */; };
		7A99676520F807F2007FDE65 /* XMPBuilder.swift in Sources */ = {isa = PBXBuildFile; fileRef = 7A99676420F807F2007FDE65 /* XMPBuilder.swift */; };
		7AF53EB620DC6BBA00CAFBE2 /* blue_square.png in Resources */ = {isa = PBXBuildFile; fileRef = 7AF53EAE20DC6BBA00CAFBE2 /* blue_square.png */; };
		7AF53EB720DC6BBA00CAFBE2 /* green_square.png in Resources */ = {isa = PBXBuildFile; fileRef = 7AF53EAF20DC6BBA00CAFBE2 /* green_square.png */; };
		7AF53EB820DC6BBA00CAFBE2 /* purple_square.png in Resources */ = {isa = PBXBuildFile; fileRef = 7AF53EB020DC6BBA00CAFBE2 /* purple_square.png */; };
		7AF53EB920DC6BBA00CAFBE2 /* red_square.png in Resources */ = {isa = PBXBuildFile; fileRef = 7AF53EB120DC6BBA00CAFBE2 /* red_square.png */; };
		7AF53EBA20DC6BBA00CAFBE2 /* empty_square.png in Resources */ = {isa = PBXBuildFile; fileRef = 7AF53EB220DC6BBA00CAFBE2 /* empty_square.png */; };
		7AF53EBB20DC6BBA00CAFBE2 /* pink_square.png in Resources */ = {isa = PBXBuildFile; fileRef = 7AF53EB320DC6BBA00CAFBE2 /* pink_square.png */; };
		7AF53EBC20DC6BBA00CAFBE2 /* yellow_square.png in Resources */ = {isa = PBXBuildFile; fileRef = 7AF53EB420DC6BBA00CAFBE2 /* yellow_square.png */; };
		7AF53EBD20DC6BBA00CAFBE2 /* orange_square.png in Resources */ = {isa = PBXBuildFile; fileRef = 7AF53EB520DC6BBA00CAFBE2 /* orange_square.png */; };
		D2F38EAF201AA97100F79359 /* AppDelegate.swift in Sources */ = {isa = PBXBuildFile; fileRef = D2F38EAE201AA97100F79359 /* AppDelegate.swift */; };
		D2F38EB4201AA97100F79359 /* Main.storyboard in Resources */ = {isa = PBXBuildFile; fileRef = D2F38EB2201AA97100F79359 /* Main.storyboard */; };
		D2F38EB6201AA97100F79359 /* Assets.xcassets in Resources */ = {isa = PBXBuildFile; fileRef = D2F38EB5201AA97100F79359 /* Assets.xcassets */; };
		D2F38EB9201AA97100F79359 /* LaunchScreen.storyboard in Resources */ = {isa = PBXBuildFile; fileRef = D2F38EB7201AA97100F79359 /* LaunchScreen.storyboard */; };
		D2F38EC4201AA97100F79359 /* PhotoTaggerTests.swift in Sources */ = {isa = PBXBuildFile; fileRef = D2F38EC3201AA97100F79359 /* PhotoTaggerTests.swift */; };
		D2F38ECF201AA97100F79359 /* PhotoTaggerUITests.swift in Sources */ = {isa = PBXBuildFile; fileRef = D2F38ECE201AA97100F79359 /* PhotoTaggerUITests.swift */; };
/* End PBXBuildFile section */

/* Begin PBXContainerItemProxy section */
		D2F38EC0201AA97100F79359 /* PBXContainerItemProxy */ = {
			isa = PBXContainerItemProxy;
			containerPortal = D2F38EA3201AA97100F79359 /* Project object */;
			proxyType = 1;
			remoteGlobalIDString = D2F38EAA201AA97100F79359;
			remoteInfo = PhotoTagger;
		};
		D2F38ECB201AA97100F79359 /* PBXContainerItemProxy */ = {
			isa = PBXContainerItemProxy;
			containerPortal = D2F38EA3201AA97100F79359 /* Project object */;
			proxyType = 1;
			remoteGlobalIDString = D2F38EAA201AA97100F79359;
			remoteInfo = PhotoTagger;
		};
/* End PBXContainerItemProxy section */

/* Begin PBXFileReference section */
		7A46D15120DB093800286C47 /* PhotoViewController.swift */ = {isa = PBXFileReference; lastKnownFileType = sourcecode.swift; path = PhotoViewController.swift; sourceTree = "<group>"; };
		7A9907C720E5AE2300E70CB8 /* thumbs.png */ = {isa = PBXFileReference; lastKnownFileType = image.png; path = thumbs.png; sourceTree = "<group>"; };
		7A9907C820E5AE2300E70CB8 /* 100percent.png */ = {isa = PBXFileReference; lastKnownFileType = image.png; path = 100percent.png; sourceTree = "<group>"; };
		7A9907C920E5AE2300E70CB8 /* fit.png */ = {isa = PBXFileReference; lastKnownFileType = image.png; path = fit.png; sourceTree = "<group>"; };
		7A99676420F807F2007FDE65 /* XMPBuilder.swift */ = {isa = PBXFileReference; lastKnownFileType = sourcecode.swift; path = XMPBuilder.swift; sourceTree = "<group>"; };
		7AF53EAE20DC6BBA00CAFBE2 /* blue_square.png */ = {isa = PBXFileReference; lastKnownFileType = image.png; path = blue_square.png; sourceTree = "<group>"; };
		7AF53EAF20DC6BBA00CAFBE2 /* green_square.png */ = {isa = PBXFileReference; lastKnownFileType = image.png; path = green_square.png; sourceTree = "<group>"; };
		7AF53EB020DC6BBA00CAFBE2 /* purple_square.png */ = {isa = PBXFileReference; lastKnownFileType = image.png; path = purple_square.png; sourceTree = "<group>"; };
		7AF53EB120DC6BBA00CAFBE2 /* red_square.png */ = {isa = PBXFileReference; lastKnownFileType = image.png; path = red_square.png; sourceTree = "<group>"; };
		7AF53EB220DC6BBA00CAFBE2 /* empty_square.png */ = {isa = PBXFileReference; lastKnownFileType = image.png; path = empty_square.png; sourceTree = "<group>"; };
		7AF53EB320DC6BBA00CAFBE2 /* pink_square.png */ = {isa = PBXFileReference; lastKnownFileType = image.png; path = pink_square.png; sourceTree = "<group>"; };
		7AF53EB420DC6BBA00CAFBE2 /* yellow_square.png */ = {isa = PBXFileReference; lastKnownFileType = image.png; path = yellow_square.png; sourceTree = "<group>"; };
		7AF53EB520DC6BBA00CAFBE2 /* orange_square.png */ = {isa = PBXFileReference; lastKnownFileType = image.png; path = orange_square.png; sourceTree = "<group>"; };
		D2F38EAB201AA97100F79359 /* PhotoTagger.app */ = {isa = PBXFileReference; explicitFileType = wrapper.application; includeInIndex = 0; path = PhotoTagger.app; sourceTree = BUILT_PRODUCTS_DIR; };
		D2F38EAE201AA97100F79359 /* AppDelegate.swift */ = {isa = PBXFileReference; lastKnownFileType = sourcecode.swift; path = AppDelegate.swift; sourceTree = "<group>"; };
		D2F38EB3201AA97100F79359 /* Base */ = {isa = PBXFileReference; lastKnownFileType = file.storyboard; name = Base; path = Base.lproj/Main.storyboard; sourceTree = "<group>"; };
		D2F38EB5201AA97100F79359 /* Assets.xcassets */ = {isa = PBXFileReference; lastKnownFileType = folder.assetcatalog; path = Assets.xcassets; sourceTree = "<group>"; };
		D2F38EB8201AA97100F79359 /* Base */ = {isa = PBXFileReference; lastKnownFileType = file.storyboard; name = Base; path = Base.lproj/LaunchScreen.storyboard; sourceTree = "<group>"; };
		D2F38EBA201AA97100F79359 /* Info.plist */ = {isa = PBXFileReference; lastKnownFileType = text.plist.xml; path = Info.plist; sourceTree = "<group>"; };
		D2F38EBF201AA97100F79359 /* PhotoTaggerTests.xctest */ = {isa = PBXFileReference; explicitFileType = wrapper.cfbundle; includeInIndex = 0; path = PhotoTaggerTests.xctest; sourceTree = BUILT_PRODUCTS_DIR; };
		D2F38EC3201AA97100F79359 /* PhotoTaggerTests.swift */ = {isa = PBXFileReference; lastKnownFileType = sourcecode.swift; path = PhotoTaggerTests.swift; sourceTree = "<group>"; };
		D2F38EC5201AA97100F79359 /* Info.plist */ = {isa = PBXFileReference; lastKnownFileType = text.plist.xml; path = Info.plist; sourceTree = "<group>"; };
		D2F38ECA201AA97100F79359 /* PhotoTaggerUITests.xctest */ = {isa = PBXFileReference; explicitFileType = wrapper.cfbundle; includeInIndex = 0; path = PhotoTaggerUITests.xctest; sourceTree = BUILT_PRODUCTS_DIR; };
		D2F38ECE201AA97100F79359 /* PhotoTaggerUITests.swift */ = {isa = PBXFileReference; lastKnownFileType = sourcecode.swift; path = PhotoTaggerUITests.swift; sourceTree = "<group>"; };
		D2F38ED0201AA97100F79359 /* Info.plist */ = {isa = PBXFileReference; lastKnownFileType = text.plist.xml; path = Info.plist; sourceTree = "<group>"; };
/* End PBXFileReference section */

/* Begin PBXFrameworksBuildPhase section */
		D2F38EA8201AA97100F79359 /* Frameworks */ = {
			isa = PBXFrameworksBuildPhase;
			buildActionMask = 2147483647;
			files = (
			);
			runOnlyForDeploymentPostprocessing = 0;
		};
		D2F38EBC201AA97100F79359 /* Frameworks */ = {
			isa = PBXFrameworksBuildPhase;
			buildActionMask = 2147483647;
			files = (
			);
			runOnlyForDeploymentPostprocessing = 0;
		};
		D2F38EC7201AA97100F79359 /* Frameworks */ = {
			isa = PBXFrameworksBuildPhase;
			buildActionMask = 2147483647;
			files = (
			);
			runOnlyForDeploymentPostprocessing = 0;
		};
/* End PBXFrameworksBuildPhase section */

/* Begin PBXGroup section */
		D2F38EA2201AA97100F79359 = {
			isa = PBXGroup;
			children = (
				D2F38EAD201AA97100F79359 /* PhotoTagger */,
				D2F38EC2201AA97100F79359 /* PhotoTaggerTests */,
				D2F38ECD201AA97100F79359 /* PhotoTaggerUITests */,
				D2F38EAC201AA97100F79359 /* Products */,
			);
			sourceTree = "<group>";
		};
		D2F38EAC201AA97100F79359 /* Products */ = {
			isa = PBXGroup;
			children = (
				D2F38EAB201AA97100F79359 /* PhotoTagger.app */,
				D2F38EBF201AA97100F79359 /* PhotoTaggerTests.xctest */,
				D2F38ECA201AA97100F79359 /* PhotoTaggerUITests.xctest */,
			);
			name = Products;
			sourceTree = "<group>";
		};
		D2F38EAD201AA97100F79359 /* PhotoTagger */ = {
			isa = PBXGroup;
			children = (
				7A9907C820E5AE2300E70CB8 /* 100percent.png */,
				7A9907C920E5AE2300E70CB8 /* fit.png */,
				7A9907C720E5AE2300E70CB8 /* thumbs.png */,
				7AF53EAE20DC6BBA00CAFBE2 /* blue_square.png */,
				7AF53EB220DC6BBA00CAFBE2 /* empty_square.png */,
				7AF53EAF20DC6BBA00CAFBE2 /* green_square.png */,
				7AF53EB520DC6BBA00CAFBE2 /* orange_square.png */,
				7AF53EB320DC6BBA00CAFBE2 /* pink_square.png */,
				7AF53EB020DC6BBA00CAFBE2 /* purple_square.png */,
				7AF53EB120DC6BBA00CAFBE2 /* red_square.png */,
				7AF53EB420DC6BBA00CAFBE2 /* yellow_square.png */,
				D2F38EAE201AA97100F79359 /* AppDelegate.swift */,
				D2F38EB2201AA97100F79359 /* Main.storyboard */,
				D2F38EB5201AA97100F79359 /* Assets.xcassets */,
				D2F38EB7201AA97100F79359 /* LaunchScreen.storyboard */,
				D2F38EBA201AA97100F79359 /* Info.plist */,
				7A46D15120DB093800286C47 /* PhotoViewController.swift */,
				7A99676420F807F2007FDE65 /* XMPBuilder.swift */,
			);
			path = PhotoTagger;
			sourceTree = "<group>";
		};
		D2F38EC2201AA97100F79359 /* PhotoTaggerTests */ = {
			isa = PBXGroup;
			children = (
				D2F38EC3201AA97100F79359 /* PhotoTaggerTests.swift */,
				D2F38EC5201AA97100F79359 /* Info.plist */,
			);
			path = PhotoTaggerTests;
			sourceTree = "<group>";
		};
		D2F38ECD201AA97100F79359 /* PhotoTaggerUITests */ = {
			isa = PBXGroup;
			children = (
				D2F38ECE201AA97100F79359 /* PhotoTaggerUITests.swift */,
				D2F38ED0201AA97100F79359 /* Info.plist */,
			);
			path = PhotoTaggerUITests;
			sourceTree = "<group>";
		};
/* End PBXGroup section */

/* Begin PBXNativeTarget section */
		D2F38EAA201AA97100F79359 /* PhotoTagger */ = {
			isa = PBXNativeTarget;
			buildConfigurationList = D2F38ED3201AA97100F79359 /* Build configuration list for PBXNativeTarget "PhotoTagger" */;
			buildPhases = (
				D2F38EA7201AA97100F79359 /* Sources */,
				D2F38EA8201AA97100F79359 /* Frameworks */,
				D2F38EA9201AA97100F79359 /* Resources */,
			);
			buildRules = (
			);
			dependencies = (
			);
			name = PhotoTagger;
			productName = PhotoTagger;
			productReference = D2F38EAB201AA97100F79359 /* PhotoTagger.app */;
			productType = "com.apple.product-type.application";
		};
		D2F38EBE201AA97100F79359 /* PhotoTaggerTests */ = {
			isa = PBXNativeTarget;
			buildConfigurationList = D2F38ED6201AA97100F79359 /* Build configuration list for PBXNativeTarget "PhotoTaggerTests" */;
			buildPhases = (
				D2F38EBB201AA97100F79359 /* Sources */,
				D2F38EBC201AA97100F79359 /* Frameworks */,
				D2F38EBD201AA97100F79359 /* Resources */,
			);
			buildRules = (
			);
			dependencies = (
				D2F38EC1201AA97100F79359 /* PBXTargetDependency */,
			);
			name = PhotoTaggerTests;
			productName = PhotoTaggerTests;
			productReference = D2F38EBF201AA97100F79359 /* PhotoTaggerTests.xctest */;
			productType = "com.apple.product-type.bundle.unit-test";
		};
		D2F38EC9201AA97100F79359 /* PhotoTaggerUITests */ = {
			isa = PBXNativeTarget;
			buildConfigurationList = D2F38ED9201AA97100F79359 /* Build configuration list for PBXNativeTarget "PhotoTaggerUITests" */;
			buildPhases = (
				D2F38EC6201AA97100F79359 /* Sources */,
				D2F38EC7201AA97100F79359 /* Frameworks */,
				D2F38EC8201AA97100F79359 /* Resources */,
			);
			buildRules = (
			);
			dependencies = (
				D2F38ECC201AA97100F79359 /* PBXTargetDependency */,
			);
			name = PhotoTaggerUITests;
			productName = PhotoTaggerUITests;
			productReference = D2F38ECA201AA97100F79359 /* PhotoTaggerUITests.xctest */;
			productType = "com.apple.product-type.bundle.ui-testing";
		};
/* End PBXNativeTarget section */

/* Begin PBXProject section */
		D2F38EA3201AA97100F79359 /* Project object */ = {
			isa = PBXProject;
			attributes = {
				LastSwiftUpdateCheck = 0920;
				LastUpgradeCheck = 0940;
				ORGANIZATIONNAME = Scott;
				TargetAttributes = {
					D2F38EAA201AA97100F79359 = {
						CreatedOnToolsVersion = 9.2;
						ProvisioningStyle = Automatic;
					};
					D2F38EBE201AA97100F79359 = {
						CreatedOnToolsVersion = 9.2;
						ProvisioningStyle = Automatic;
						TestTargetID = D2F38EAA201AA97100F79359;
					};
					D2F38EC9201AA97100F79359 = {
						CreatedOnToolsVersion = 9.2;
						ProvisioningStyle = Automatic;
						TestTargetID = D2F38EAA201AA97100F79359;
					};
				};
			};
			buildConfigurationList = D2F38EA6201AA97100F79359 /* Build configuration list for PBXProject "PhotoTagger" */;
			compatibilityVersion = "Xcode 8.0";
			developmentRegion = en;
			hasScannedForEncodings = 0;
			knownRegions = (
				en,
				Base,
			);
			mainGroup = D2F38EA2201AA97100F79359;
			productRefGroup = D2F38EAC201AA97100F79359 /* Products */;
			projectDirPath = "";
			projectRoot = "";
			targets = (
				D2F38EAA201AA97100F79359 /* PhotoTagger */,
				D2F38EBE201AA97100F79359 /* PhotoTaggerTests */,
				D2F38EC9201AA97100F79359 /* PhotoTaggerUITests */,
			);
		};
/* End PBXProject section */

/* Begin PBXResourcesBuildPhase section */
		D2F38EA9201AA97100F79359 /* Resources */ = {
			isa = PBXResourcesBuildPhase;
			buildActionMask = 2147483647;
			files = (
				D2F38EB9201AA97100F79359 /* LaunchScreen.storyboard in Resources */,
				D2F38EB6201AA97100F79359 /* Assets.xcassets in Resources */,
				7AF53EBD20DC6BBA00CAFBE2 /* orange_square.png in Resources */,
				7AF53EBA20DC6BBA00CAFBE2 /* empty_square.png in Resources */,
				7AF53EBB20DC6BBA00CAFBE2 /* pink_square.png in Resources */,
				7AF53EBC20DC6BBA00CAFBE2 /* yellow_square.png in Resources */,
				7AF53EB620DC6BBA00CAFBE2 /* blue_square.png in Resources */,
				D2F38EB4201AA97100F79359 /* Main.storyboard in Resources */,
				7A9907CB20E5AE2300E70CB8 /* 100percent.png in Resources */,
				7A9907CC20E5AE2300E70CB8 /* fit.png in Resources */,
				7A9907CA20E5AE2300E70CB8 /* thumbs.png in Resources */,
				7AF53EB920DC6BBA00CAFBE2 /* red_square.png in Resources */,
				7AF53EB820DC6BBA00CAFBE2 /* purple_square.png in Resources */,
				7AF53EB720DC6BBA00CAFBE2 /* green_square.png in Resources */,
			);
			runOnlyForDeploymentPostprocessing = 0;
		};
		D2F38EBD201AA97100F79359 /* Resources */ = {
			isa = PBXResourcesBuildPhase;
			buildActionMask = 2147483647;
			files = (
			);
			runOnlyForDeploymentPostprocessing = 0;
		};
		D2F38EC8201AA97100F79359 /* Resources */ = {
			isa = PBXResourcesBuildPhase;
			buildActionMask = 2147483647;
			files = (
			);
			runOnlyForDeploymentPostprocessing = 0;
		};
/* End PBXResourcesBuildPhase section */

/* Begin PBXSourcesBuildPhase section */
		D2F38EA7201AA97100F79359 /* Sources */ = {
			isa = PBXSourcesBuildPhase;
			buildActionMask = 2147483647;
			files = (
				D2F38EAF201AA97100F79359 /* AppDelegate.swift in Sources */,
				7A99676520F807F2007FDE65 /* XMPBuilder.swift in Sources */,
				7A46D15220DB093800286C47 /* PhotoViewController.swift in Sources */,
			);
			runOnlyForDeploymentPostprocessing = 0;
		};
		D2F38EBB201AA97100F79359 /* Sources */ = {
			isa = PBXSourcesBuildPhase;
			buildActionMask = 2147483647;
			files = (
				D2F38EC4201AA97100F79359 /* PhotoTaggerTests.swift in Sources */,
			);
			runOnlyForDeploymentPostprocessing = 0;
		};
		D2F38EC6201AA97100F79359 /* Sources */ = {
			isa = PBXSourcesBuildPhase;
			buildActionMask = 2147483647;
			files = (
				D2F38ECF201AA97100F79359 /* PhotoTaggerUITests.swift in Sources */,
			);
			runOnlyForDeploymentPostprocessing = 0;
		};
/* End PBXSourcesBuildPhase section */

/* Begin PBXTargetDependency section */
		D2F38EC1201AA97100F79359 /* PBXTargetDependency */ = {
			isa = PBXTargetDependency;
			target = D2F38EAA201AA97100F79359 /* PhotoTagger */;
			targetProxy = D2F38EC0201AA97100F79359 /* PBXContainerItemProxy */;
		};
		D2F38ECC201AA97100F79359 /* PBXTargetDependency */ = {
			isa = PBXTargetDependency;
			target = D2F38EAA201AA97100F79359 /* PhotoTagger */;
			targetProxy = D2F38ECB201AA97100F79359 /* PBXContainerItemProxy */;
		};
/* End PBXTargetDependency section */

/* Begin PBXVariantGroup section */
		D2F38EB2201AA97100F79359 /* Main.storyboard */ = {
			isa = PBXVariantGroup;
			children = (
				D2F38EB3201AA97100F79359 /* Base */,
			);
			name = Main.storyboard;
			sourceTree = "<group>";
		};
		D2F38EB7201AA97100F79359 /* LaunchScreen.storyboard */ = {
			isa = PBXVariantGroup;
			children = (
				D2F38EB8201AA97100F79359 /* Base */,
			);
			name = LaunchScreen.storyboard;
			sourceTree = "<group>";
		};
/* End PBXVariantGroup section */

/* Begin XCBuildConfiguration section */
		D2F38ED1201AA97100F79359 /* Debug */ = {
			isa = XCBuildConfiguration;
			buildSettings = {
				ALWAYS_SEARCH_USER_PATHS = NO;
				CLANG_ANALYZER_NONNULL = YES;
				CLANG_ANALYZER_NUMBER_OBJECT_CONVERSION = YES_AGGRESSIVE;
				CLANG_CXX_LANGUAGE_STANDARD = "gnu++14";
				CLANG_CXX_LIBRARY = "libc++";
				CLANG_ENABLE_MODULES = YES;
				CLANG_ENABLE_OBJC_ARC = YES;
				CLANG_WARN_BLOCK_CAPTURE_AUTORELEASING = YES;
				CLANG_WARN_BOOL_CONVERSION = YES;
				CLANG_WARN_COMMA = YES;
				CLANG_WARN_CONSTANT_CONVERSION = YES;
				CLANG_WARN_DEPRECATED_OBJC_IMPLEMENTATIONS = YES;
				CLANG_WARN_DIRECT_OBJC_ISA_USAGE = YES_ERROR;
				CLANG_WARN_DOCUMENTATION_COMMENTS = YES;
				CLANG_WARN_EMPTY_BODY = YES;
				CLANG_WARN_ENUM_CONVERSION = YES;
				CLANG_WARN_INFINITE_RECURSION = YES;
				CLANG_WARN_INT_CONVERSION = YES;
				CLANG_WARN_NON_LITERAL_NULL_CONVERSION = YES;
				CLANG_WARN_OBJC_IMPLICIT_RETAIN_SELF = YES;
				CLANG_WARN_OBJC_LITERAL_CONVERSION = YES;
				CLANG_WARN_OBJC_ROOT_CLASS = YES_ERROR;
				CLANG_WARN_RANGE_LOOP_ANALYSIS = YES;
				CLANG_WARN_STRICT_PROTOTYPES = YES;
				CLANG_WARN_SUSPICIOUS_MOVE = YES;
				CLANG_WARN_UNGUARDED_AVAILABILITY = YES_AGGRESSIVE;
				CLANG_WARN_UNREACHABLE_CODE = YES;
				CLANG_WARN__DUPLICATE_METHOD_MATCH = YES;
				CODE_SIGN_IDENTITY = "iPhone Developer";
				COPY_PHASE_STRIP = NO;
				DEBUG_INFORMATION_FORMAT = dwarf;
				ENABLE_STRICT_OBJC_MSGSEND = YES;
				ENABLE_TESTABILITY = YES;
				GCC_C_LANGUAGE_STANDARD = gnu11;
				GCC_DYNAMIC_NO_PIC = NO;
				GCC_NO_COMMON_BLOCKS = YES;
				GCC_OPTIMIZATION_LEVEL = 0;
				GCC_PREPROCESSOR_DEFINITIONS = (
					"DEBUG=1",
					"$(inherited)",
				);
				GCC_WARN_64_TO_32_BIT_CONVERSION = YES;
				GCC_WARN_ABOUT_RETURN_TYPE = YES_ERROR;
				GCC_WARN_UNDECLARED_SELECTOR = YES;
				GCC_WARN_UNINITIALIZED_AUTOS = YES_AGGRESSIVE;
				GCC_WARN_UNUSED_FUNCTION = YES;
				GCC_WARN_UNUSED_VARIABLE = YES;
				IPHONEOS_DEPLOYMENT_TARGET = 11.2;
				MTL_ENABLE_DEBUG_INFO = YES;
				ONLY_ACTIVE_ARCH = YES;
				SDKROOT = iphoneos;
				SWIFT_ACTIVE_COMPILATION_CONDITIONS = DEBUG;
				SWIFT_OPTIMIZATION_LEVEL = "-Onone";
			};
			name = Debug;
		};
		D2F38ED2201AA97100F79359 /* Release */ = {
			isa = XCBuildConfiguration;
			buildSettings = {
				ALWAYS_SEARCH_USER_PATHS = NO;
				CLANG_ANALYZER_NONNULL = YES;
				CLANG_ANALYZER_NUMBER_OBJECT_CONVERSION = YES_AGGRESSIVE;
				CLANG_CXX_LANGUAGE_STANDARD = "gnu++14";
				CLANG_CXX_LIBRARY = "libc++";
				CLANG_ENABLE_MODULES = YES;
				CLANG_ENABLE_OBJC_ARC = YES;
				CLANG_WARN_BLOCK_CAPTURE_AUTORELEASING = YES;
				CLANG_WARN_BOOL_CONVERSION = YES;
				CLANG_WARN_COMMA = YES;
				CLANG_WARN_CONSTANT_CONVERSION = YES;
				CLANG_WARN_DEPRECATED_OBJC_IMPLEMENTATIONS = YES;
				CLANG_WARN_DIRECT_OBJC_ISA_USAGE = YES_ERROR;
				CLANG_WARN_DOCUMENTATION_COMMENTS = YES;
				CLANG_WARN_EMPTY_BODY = YES;
				CLANG_WARN_ENUM_CONVERSION = YES;
				CLANG_WARN_INFINITE_RECURSION = YES;
				CLANG_WARN_INT_CONVERSION = YES;
				CLANG_WARN_NON_LITERAL_NULL_CONVERSION = YES;
				CLANG_WARN_OBJC_IMPLICIT_RETAIN_SELF = YES;
				CLANG_WARN_OBJC_LITERAL_CONVERSION = YES;
				CLANG_WARN_OBJC_ROOT_CLASS = YES_ERROR;
				CLANG_WARN_RANGE_LOOP_ANALYSIS = YES;
				CLANG_WARN_STRICT_PROTOTYPES = YES;
				CLANG_WARN_SUSPICIOUS_MOVE = YES;
				CLANG_WARN_UNGUARDED_AVAILABILITY = YES_AGGRESSIVE;
				CLANG_WARN_UNREACHABLE_CODE = YES;
				CLANG_WARN__DUPLICATE_METHOD_MATCH = YES;
				CODE_SIGN_IDENTITY = "iPhone Developer";
				COPY_PHASE_STRIP = NO;
				DEBUG_INFORMATION_FORMAT = "dwarf-with-dsym";
				ENABLE_NS_ASSERTIONS = NO;
				ENABLE_STRICT_OBJC_MSGSEND = YES;
				GCC_C_LANGUAGE_STANDARD = gnu11;
				GCC_NO_COMMON_BLOCKS = YES;
				GCC_WARN_64_TO_32_BIT_CONVERSION = YES;
				GCC_WARN_ABOUT_RETURN_TYPE = YES_ERROR;
				GCC_WARN_UNDECLARED_SELECTOR = YES;
				GCC_WARN_UNINITIALIZED_AUTOS = YES_AGGRESSIVE;
				GCC_WARN_UNUSED_FUNCTION = YES;
				GCC_WARN_UNUSED_VARIABLE = YES;
				IPHONEOS_DEPLOYMENT_TARGET = 11.2;
				MTL_ENABLE_DEBUG_INFO = NO;
				SDKROOT = iphoneos;
				SWIFT_OPTIMIZATION_LEVEL = "-Owholemodule";
				VALIDATE_PRODUCT = YES;
			};
			name = Release;
		};
		D2F38ED4201AA97100F79359 /* Debug */ = {
			isa = XCBuildConfiguration;
			buildSettings = {
				ASSETCATALOG_COMPILER_APPICON_NAME = AppIcon;
				CODE_SIGN_STYLE = Automatic;
				DEVELOPMENT_TEAM = KDY765S8HB;
				INFOPLIST_FILE = PhotoTagger/Info.plist;
				LD_RUNPATH_SEARCH_PATHS = "$(inherited) @executable_path/Frameworks";
				PRODUCT_BUNDLE_IDENTIFIER = com.mrgoboom.PhotoTagger;
				PRODUCT_NAME = "$(TARGET_NAME)";
				SWIFT_VERSION = 4.0;
				TARGETED_DEVICE_FAMILY = "1,2";
			};
			name = Debug;
		};
		D2F38ED5201AA97100F79359 /* Release */ = {
			isa = XCBuildConfiguration;
			buildSettings = {
				ASSETCATALOG_COMPILER_APPICON_NAME = AppIcon;
				CODE_SIGN_STYLE = Automatic;
				DEVELOPMENT_TEAM = KDY765S8HB;
				INFOPLIST_FILE = PhotoTagger/Info.plist;
				LD_RUNPATH_SEARCH_PATHS = "$(inherited) @executable_path/Frameworks";
				PRODUCT_BUNDLE_IDENTIFIER = com.mrgoboom.PhotoTagger;
				PRODUCT_NAME = "$(TARGET_NAME)";
				SWIFT_VERSION = 4.0;
				TARGETED_DEVICE_FAMILY = "1,2";
			};
			name = Release;
		};
		D2F38ED7201AA97100F79359 /* Debug */ = {
			isa = XCBuildConfiguration;
			buildSettings = {
				ALWAYS_EMBED_SWIFT_STANDARD_LIBRARIES = YES;
				BUNDLE_LOADER = "$(TEST_HOST)";
				CODE_SIGN_STYLE = Automatic;
				INFOPLIST_FILE = PhotoTaggerTests/Info.plist;
				LD_RUNPATH_SEARCH_PATHS = "$(inherited) @executable_path/Frameworks @loader_path/Frameworks";
				PRODUCT_BUNDLE_IDENTIFIER = com.mrgoboom.PhotoTaggerTests;
				PRODUCT_NAME = "$(TARGET_NAME)";
				SWIFT_VERSION = 4.0;
				TARGETED_DEVICE_FAMILY = "1,2";
				TEST_HOST = "$(BUILT_PRODUCTS_DIR)/PhotoTagger.app/PhotoTagger";
			};
			name = Debug;
		};
		D2F38ED8201AA97100F79359 /* Release */ = {
			isa = XCBuildConfiguration;
			buildSettings = {
				ALWAYS_EMBED_SWIFT_STANDARD_LIBRARIES = YES;
				BUNDLE_LOADER = "$(TEST_HOST)";
				CODE_SIGN_STYLE = Automatic;
				INFOPLIST_FILE = PhotoTaggerTests/Info.plist;
				LD_RUNPATH_SEARCH_PATHS = "$(inherited) @executable_path/Frameworks @loader_path/Frameworks";
				PRODUCT_BUNDLE_IDENTIFIER = com.mrgoboom.PhotoTaggerTests;
				PRODUCT_NAME = "$(TARGET_NAME)";
				SWIFT_VERSION = 4.0;
				TARGETED_DEVICE_FAMILY = "1,2";
				TEST_HOST = "$(BUILT_PRODUCTS_DIR)/PhotoTagger.app/PhotoTagger";
			};
			name = Release;
		};
		D2F38EDA201AA97100F79359 /* Debug */ = {
			isa = XCBuildConfiguration;
			buildSettings = {
				ALWAYS_EMBED_SWIFT_STANDARD_LIBRARIES = YES;
				CODE_SIGN_STYLE = Automatic;
				INFOPLIST_FILE = PhotoTaggerUITests/Info.plist;
				LD_RUNPATH_SEARCH_PATHS = "$(inherited) @executable_path/Frameworks @loader_path/Frameworks";
				PRODUCT_BUNDLE_IDENTIFIER = com.mrgoboom.PhotoTaggerUITests;
				PRODUCT_NAME = "$(TARGET_NAME)";
				SWIFT_VERSION = 4.0;
				TARGETED_DEVICE_FAMILY = "1,2";
				TEST_TARGET_NAME = PhotoTagger;
			};
			name = Debug;
		};
		D2F38EDB201AA97100F79359 /* Release */ = {
			isa = XCBuildConfiguration;
			buildSettings = {
				ALWAYS_EMBED_SWIFT_STANDARD_LIBRARIES = YES;
				CODE_SIGN_STYLE = Automatic;
				INFOPLIST_FILE = PhotoTaggerUITests/Info.plist;
				LD_RUNPATH_SEARCH_PATHS = "$(inherited) @executable_path/Frameworks @loader_path/Frameworks";
				PRODUCT_BUNDLE_IDENTIFIER = com.mrgoboom.PhotoTaggerUITests;
				PRODUCT_NAME = "$(TARGET_NAME)";
				SWIFT_VERSION = 4.0;
				TARGETED_DEVICE_FAMILY = "1,2";
				TEST_TARGET_NAME = PhotoTagger;
			};
			name = Release;
		};
/* End XCBuildConfiguration section */

/* Begin XCConfigurationList section */
		D2F38EA6201AA97100F79359 /* Build configuration list for PBXProject "PhotoTagger" */ = {
			isa = XCConfigurationList;
			buildConfigurations = (
				D2F38ED1201AA97100F79359 /* Debug */,
				D2F38ED2201AA97100F79359 /* Release */,
			);
			defaultConfigurationIsVisible = 0;
			defaultConfigurationName = Release;
		};
		D2F38ED3201AA97100F79359 /* Build configuration list for PBXNativeTarget "PhotoTagger" */ = {
			isa = XCConfigurationList;
			buildConfigurations = (
				D2F38ED4201AA97100F79359 /* Debug */,
				D2F38ED5201AA97100F79359 /* Release */,
			);
			defaultConfigurationIsVisible = 0;
			defaultConfigurationName = Release;
		};
		D2F38ED6201AA97100F79359 /* Build configuration list for PBXNativeTarget "PhotoTaggerTests" */ = {
			isa = XCConfigurationList;
			buildConfigurations = (
				D2F38ED7201AA97100F79359 /* Debug */,
				D2F38ED8201AA97100F79359 /* Release */,
			);
			defaultConfigurationIsVisible = 0;
			defaultConfigurationName = Release;
		};
		D2F38ED9201AA97100F79359 /* Build configuration list for PBXNativeTarget "PhotoTaggerUITests" */ = {
			isa = XCConfigurationList;
			buildConfigurations = (
				D2F38EDA201AA97100F79359 /* Debug */,
				D2F38EDB201AA97100F79359 /* Release */,
			);
			defaultConfigurationIsVisible = 0;
			defaultConfigurationName = Release;
		};
/* End XCConfigurationList section */
	};
	rootObject = D2F38EA3201AA97100F79359 /* Project object */;
}
